// !$*UTF8*$!
{
	archiveVersion = 1;
	classes = {
	};
	objectVersion = 56;
	objects = {

/* Begin PBXBuildFile section */
		6B4545682982C59500F0358A /* AuthorizationViewModel.swift in Sources */ = {isa = PBXBuildFile; fileRef = 6B4545672982C59500F0358A /* AuthorizationViewModel.swift */; };
		6B45456A2982D60E00F0358A /* VerificationScreenViewModel.swift in Sources */ = {isa = PBXBuildFile; fileRef = 6B4545692982D60E00F0358A /* VerificationScreenViewModel.swift */; };
		6B45456C2982E2D300F0358A /* DescriptionScreenViewModel.swift in Sources */ = {isa = PBXBuildFile; fileRef = 6B45456B2982E2D300F0358A /* DescriptionScreenViewModel.swift */; };
		6B9EAFE5298678450037D178 /* ProfileScreen.swift in Sources */ = {isa = PBXBuildFile; fileRef = 6B9EAFE4298678450037D178 /* ProfileScreen.swift */; };
		6B9EAFE929868B520037D178 /* ShopScreen.swift in Sources */ = {isa = PBXBuildFile; fileRef = 6B9EAFE829868B520037D178 /* ShopScreen.swift */; };
		6B9EAFEB29868C650037D178 /* FurnitureModel.swift in Sources */ = {isa = PBXBuildFile; fileRef = 6B9EAFEA29868C650037D178 /* FurnitureModel.swift */; };
		6B9EAFEE298697120037D178 /* FurnitureAssortment.swift in Sources */ = {isa = PBXBuildFile; fileRef = 6B9EAFED298697120037D178 /* FurnitureAssortment.swift */; };
		6B9EAFF12986B0170037D178 /* FiltersScreen.swift in Sources */ = {isa = PBXBuildFile; fileRef = 6B9EAFF02986B0170037D178 /* FiltersScreen.swift */; };
		6B9EAFF42986B8E50037D178 /* CustomSlider.swift in Sources */ = {isa = PBXBuildFile; fileRef = 6B9EAFF32986B8E50037D178 /* CustomSlider.swift */; };
		6B9EAFF72986C1430037D178 /* NotificationScreen.swift in Sources */ = {isa = PBXBuildFile; fileRef = 6B9EAFF62986C1430037D178 /* NotificationScreen.swift */; };
		6B9EAFFA2986CE6E0037D178 /* StartedView.swift in Sources */ = {isa = PBXBuildFile; fileRef = 6B9EAFF92986CE6E0037D178 /* StartedView.swift */; };
		6B9EAFFD2986F1FB0037D178 /* ShopScreenViewModel.swift in Sources */ = {isa = PBXBuildFile; fileRef = 6B9EAFFC2986F1FB0037D178 /* ShopScreenViewModel.swift */; };
		6B9EAFFF2986F8C00037D178 /* FilterScreenViewModel.swift in Sources */ = {isa = PBXBuildFile; fileRef = 6B9EAFFE2986F8C00037D178 /* FilterScreenViewModel.swift */; };
		6B9EB002298702D10037D178 /* Modifiers.swift in Sources */ = {isa = PBXBuildFile; fileRef = 6B9EB001298702D10037D178 /* Modifiers.swift */; };
		6B9EB0052987059D0037D178 /* FiltersScreenModifiers.swift in Sources */ = {isa = PBXBuildFile; fileRef = 6B9EB0042987059D0037D178 /* FiltersScreenModifiers.swift */; };
		6B9EB008298708670037D178 /* ShopScreenModifiers.swift in Sources */ = {isa = PBXBuildFile; fileRef = 6B9EB007298708670037D178 /* ShopScreenModifiers.swift */; };
		6B9EB00B29870E120037D178 /* ProfileScreenModifiers.swift in Sources */ = {isa = PBXBuildFile; fileRef = 6B9EB00A29870E120037D178 /* ProfileScreenModifiers.swift */; };
		6BEFFADF297ED656000FBB8A /* SULLesson10_12App.swift in Sources */ = {isa = PBXBuildFile; fileRef = 6BEFFADE297ED656000FBB8A /* SULLesson10_12App.swift */; };
		6BEFFAE1297ED656000FBB8A /* ContentView.swift in Sources */ = {isa = PBXBuildFile; fileRef = 6BEFFAE0297ED656000FBB8A /* ContentView.swift */; };
		6BEFFAE3297ED65A000FBB8A /* Assets.xcassets in Resources */ = {isa = PBXBuildFile; fileRef = 6BEFFAE2297ED65A000FBB8A /* Assets.xcassets */; };
		6BEFFAE6297ED65A000FBB8A /* Preview Assets.xcassets in Resources */ = {isa = PBXBuildFile; fileRef = 6BEFFAE5297ED65A000FBB8A /* Preview Assets.xcassets */; };
		6BEFFAEF297F9115000FBB8A /* AuthorizationScreen.swift in Sources */ = {isa = PBXBuildFile; fileRef = 6BEFFAEE297F9115000FBB8A /* AuthorizationScreen.swift */; };
		6BEFFAF2297F9D5B000FBB8A /* String+.swift in Sources */ = {isa = PBXBuildFile; fileRef = 6BEFFAF1297F9D5B000FBB8A /* String+.swift */; };
		6BEFFAF929803B68000FBB8A /* VerificationView.swift in Sources */ = {isa = PBXBuildFile; fileRef = 6BEFFAF829803B68000FBB8A /* VerificationView.swift */; };
		6BEFFAFC29804F48000FBB8A /* DescriptionView.swift in Sources */ = {isa = PBXBuildFile; fileRef = 6BEFFAFB29804F48000FBB8A /* DescriptionView.swift */; };
		6BEFFAFF29806FE0000FBB8A /* RoundedCorner.swift in Sources */ = {isa = PBXBuildFile; fileRef = 6BEFFAFE29806FE0000FBB8A /* RoundedCorner.swift */; };
		6BEFFB082981BAE1000FBB8A /* LoginTextfieldModifier.swift in Sources */ = {isa = PBXBuildFile; fileRef = 6BEFFB072981BAE1000FBB8A /* LoginTextfieldModifier.swift */; };
		6BEFFB0A2981BBBC000FBB8A /* PasswordSecureFieldModifier.swift in Sources */ = {isa = PBXBuildFile; fileRef = 6BEFFB092981BBBC000FBB8A /* PasswordSecureFieldModifier.swift */; };
		6BEFFB0C2981BC2C000FBB8A /* CheckVerificationNavLinkModifier.swift in Sources */ = {isa = PBXBuildFile; fileRef = 6BEFFB0B2981BC2C000FBB8A /* CheckVerificationNavLinkModifier.swift */; };
		6BEFFB0E2981BC91000FBB8A /* GetStartedButtonViewModifier.swift in Sources */ = {isa = PBXBuildFile; fileRef = 6BEFFB0D2981BC91000FBB8A /* GetStartedButtonViewModifier.swift */; };
		6BEFFB112981BDDE000FBB8A /* EnvelopeImageViewModifier.swift in Sources */ = {isa = PBXBuildFile; fileRef = 6BEFFB102981BDDE000FBB8A /* EnvelopeImageViewModifier.swift */; };
		6BEFFB132981BE3F000FBB8A /* NumberTextFieldViewModifier.swift in Sources */ = {isa = PBXBuildFile; fileRef = 6BEFFB122981BE3F000FBB8A /* NumberTextFieldViewModifier.swift */; };
		6BEFFB152981BF54000FBB8A /* ContinueButtonViewModifier.swift in Sources */ = {isa = PBXBuildFile; fileRef = 6BEFFB142981BF54000FBB8A /* ContinueButtonViewModifier.swift */; };
		6BEFFB172981BFC1000FBB8A /* SendMessageButtonViewModifier.swift in Sources */ = {isa = PBXBuildFile; fileRef = 6BEFFB162981BFC1000FBB8A /* SendMessageButtonViewModifier.swift */; };
/* End PBXBuildFile section */

/* Begin PBXFileReference section */
		6B4545672982C59500F0358A /* AuthorizationViewModel.swift */ = {isa = PBXFileReference; lastKnownFileType = sourcecode.swift; path = AuthorizationViewModel.swift; sourceTree = "<group>"; };
		6B4545692982D60E00F0358A /* VerificationScreenViewModel.swift */ = {isa = PBXFileReference; lastKnownFileType = sourcecode.swift; path = VerificationScreenViewModel.swift; sourceTree = "<group>"; };
		6B45456B2982E2D300F0358A /* DescriptionScreenViewModel.swift */ = {isa = PBXFileReference; lastKnownFileType = sourcecode.swift; path = DescriptionScreenViewModel.swift; sourceTree = "<group>"; };
		6B9EAFE4298678450037D178 /* ProfileScreen.swift */ = {isa = PBXFileReference; lastKnownFileType = sourcecode.swift; path = ProfileScreen.swift; sourceTree = "<group>"; };
		6B9EAFE829868B520037D178 /* ShopScreen.swift */ = {isa = PBXFileReference; lastKnownFileType = sourcecode.swift; path = ShopScreen.swift; sourceTree = "<group>"; };
		6B9EAFEA29868C650037D178 /* FurnitureModel.swift */ = {isa = PBXFileReference; lastKnownFileType = sourcecode.swift; path = FurnitureModel.swift; sourceTree = "<group>"; };
		6B9EAFED298697120037D178 /* FurnitureAssortment.swift */ = {isa = PBXFileReference; lastKnownFileType = sourcecode.swift; path = FurnitureAssortment.swift; sourceTree = "<group>"; };
		6B9EAFF02986B0170037D178 /* FiltersScreen.swift */ = {isa = PBXFileReference; lastKnownFileType = sourcecode.swift; path = FiltersScreen.swift; sourceTree = "<group>"; };
		6B9EAFF32986B8E50037D178 /* CustomSlider.swift */ = {isa = PBXFileReference; lastKnownFileType = sourcecode.swift; path = CustomSlider.swift; sourceTree = "<group>"; };
		6B9EAFF62986C1430037D178 /* NotificationScreen.swift */ = {isa = PBXFileReference; lastKnownFileType = sourcecode.swift; path = NotificationScreen.swift; sourceTree = "<group>"; };
		6B9EAFF92986CE6E0037D178 /* StartedView.swift */ = {isa = PBXFileReference; lastKnownFileType = sourcecode.swift; path = StartedView.swift; sourceTree = "<group>"; };
		6B9EAFFC2986F1FB0037D178 /* ShopScreenViewModel.swift */ = {isa = PBXFileReference; lastKnownFileType = sourcecode.swift; path = ShopScreenViewModel.swift; sourceTree = "<group>"; };
		6B9EAFFE2986F8C00037D178 /* FilterScreenViewModel.swift */ = {isa = PBXFileReference; lastKnownFileType = sourcecode.swift; path = FilterScreenViewModel.swift; sourceTree = "<group>"; };
		6B9EB001298702D10037D178 /* Modifiers.swift */ = {isa = PBXFileReference; lastKnownFileType = sourcecode.swift; path = Modifiers.swift; sourceTree = "<group>"; };
		6B9EB0042987059D0037D178 /* FiltersScreenModifiers.swift */ = {isa = PBXFileReference; lastKnownFileType = sourcecode.swift; path = FiltersScreenModifiers.swift; sourceTree = "<group>"; };
		6B9EB007298708670037D178 /* ShopScreenModifiers.swift */ = {isa = PBXFileReference; lastKnownFileType = sourcecode.swift; path = ShopScreenModifiers.swift; sourceTree = "<group>"; };
		6B9EB00A29870E120037D178 /* ProfileScreenModifiers.swift */ = {isa = PBXFileReference; lastKnownFileType = sourcecode.swift; path = ProfileScreenModifiers.swift; sourceTree = "<group>"; };
		6BEFFADB297ED656000FBB8A /* SULLesson10_12.app */ = {isa = PBXFileReference; explicitFileType = wrapper.application; includeInIndex = 0; path = SULLesson10_12.app; sourceTree = BUILT_PRODUCTS_DIR; };
		6BEFFADE297ED656000FBB8A /* SULLesson10_12App.swift */ = {isa = PBXFileReference; lastKnownFileType = sourcecode.swift; path = SULLesson10_12App.swift; sourceTree = "<group>"; };
		6BEFFAE0297ED656000FBB8A /* ContentView.swift */ = {isa = PBXFileReference; lastKnownFileType = sourcecode.swift; path = ContentView.swift; sourceTree = "<group>"; };
		6BEFFAE2297ED65A000FBB8A /* Assets.xcassets */ = {isa = PBXFileReference; lastKnownFileType = folder.assetcatalog; path = Assets.xcassets; sourceTree = "<group>"; };
		6BEFFAE5297ED65A000FBB8A /* Preview Assets.xcassets */ = {isa = PBXFileReference; lastKnownFileType = folder.assetcatalog; path = "Preview Assets.xcassets"; sourceTree = "<group>"; };
		6BEFFAEE297F9115000FBB8A /* AuthorizationScreen.swift */ = {isa = PBXFileReference; lastKnownFileType = sourcecode.swift; path = AuthorizationScreen.swift; sourceTree = "<group>"; };
		6BEFFAF1297F9D5B000FBB8A /* String+.swift */ = {isa = PBXFileReference; lastKnownFileType = sourcecode.swift; path = "String+.swift"; sourceTree = "<group>"; };
		6BEFFAF829803B68000FBB8A /* VerificationView.swift */ = {isa = PBXFileReference; lastKnownFileType = sourcecode.swift; path = VerificationView.swift; sourceTree = "<group>"; };
		6BEFFAFB29804F48000FBB8A /* DescriptionView.swift */ = {isa = PBXFileReference; lastKnownFileType = sourcecode.swift; path = DescriptionView.swift; sourceTree = "<group>"; };
		6BEFFAFE29806FE0000FBB8A /* RoundedCorner.swift */ = {isa = PBXFileReference; lastKnownFileType = sourcecode.swift; path = RoundedCorner.swift; sourceTree = "<group>"; };
		6BEFFB072981BAE1000FBB8A /* LoginTextfieldModifier.swift */ = {isa = PBXFileReference; lastKnownFileType = sourcecode.swift; path = LoginTextfieldModifier.swift; sourceTree = "<group>"; };
		6BEFFB092981BBBC000FBB8A /* PasswordSecureFieldModifier.swift */ = {isa = PBXFileReference; lastKnownFileType = sourcecode.swift; path = PasswordSecureFieldModifier.swift; sourceTree = "<group>"; };
		6BEFFB0B2981BC2C000FBB8A /* CheckVerificationNavLinkModifier.swift */ = {isa = PBXFileReference; lastKnownFileType = sourcecode.swift; path = CheckVerificationNavLinkModifier.swift; sourceTree = "<group>"; };
		6BEFFB0D2981BC91000FBB8A /* GetStartedButtonViewModifier.swift */ = {isa = PBXFileReference; lastKnownFileType = sourcecode.swift; path = GetStartedButtonViewModifier.swift; sourceTree = "<group>"; };
		6BEFFB102981BDDE000FBB8A /* EnvelopeImageViewModifier.swift */ = {isa = PBXFileReference; lastKnownFileType = sourcecode.swift; path = EnvelopeImageViewModifier.swift; sourceTree = "<group>"; };
		6BEFFB122981BE3F000FBB8A /* NumberTextFieldViewModifier.swift */ = {isa = PBXFileReference; lastKnownFileType = sourcecode.swift; path = NumberTextFieldViewModifier.swift; sourceTree = "<group>"; };
		6BEFFB142981BF54000FBB8A /* ContinueButtonViewModifier.swift */ = {isa = PBXFileReference; lastKnownFileType = sourcecode.swift; path = ContinueButtonViewModifier.swift; sourceTree = "<group>"; };
		6BEFFB162981BFC1000FBB8A /* SendMessageButtonViewModifier.swift */ = {isa = PBXFileReference; lastKnownFileType = sourcecode.swift; path = SendMessageButtonViewModifier.swift; sourceTree = "<group>"; };
/* End PBXFileReference section */

/* Begin PBXFrameworksBuildPhase section */
		6BEFFAD8297ED656000FBB8A /* Frameworks */ = {
			isa = PBXFrameworksBuildPhase;
			buildActionMask = 2147483647;
			files = (
			);
			runOnlyForDeploymentPostprocessing = 0;
		};
/* End PBXFrameworksBuildPhase section */

/* Begin PBXGroup section */
		6B9EAFE629867A7B0037D178 /* ProfileScreen */ = {
			isa = PBXGroup;
			children = (
				6B9EB00929870E040037D178 /* Modifiers */,
				6B9EAFE4298678450037D178 /* ProfileScreen.swift */,
			);
			path = ProfileScreen;
			sourceTree = "<group>";
		};
		6B9EAFE729868B3B0037D178 /* ShopScreen */ = {
			isa = PBXGroup;
			children = (
				6B9EB0062987084F0037D178 /* Modifiers */,
				6B9EAFFB2986F1E70037D178 /* ViewModel */,
				6B9EAFEC298696DB0037D178 /* Model */,
				6B9EAFE829868B520037D178 /* ShopScreen.swift */,
			);
			path = ShopScreen;
			sourceTree = "<group>";
		};
		6B9EAFEC298696DB0037D178 /* Model */ = {
			isa = PBXGroup;
			children = (
				6B9EAFEA29868C650037D178 /* FurnitureModel.swift */,
				6B9EAFED298697120037D178 /* FurnitureAssortment.swift */,
			);
			path = Model;
			sourceTree = "<group>";
		};
		6B9EAFEF2986AA0B0037D178 /* FiltersScreen */ = {
			isa = PBXGroup;
			children = (
				6B9EB0032987058D0037D178 /* Modifiers */,
				6B9EAFF02986B0170037D178 /* FiltersScreen.swift */,
				6B9EAFFE2986F8C00037D178 /* FilterScreenViewModel.swift */,
			);
			path = FiltersScreen;
			sourceTree = "<group>";
		};
		6B9EAFF22986B8CF0037D178 /* Views */ = {
			isa = PBXGroup;
			children = (
				6B9EAFF32986B8E50037D178 /* CustomSlider.swift */,
			);
			path = Views;
			sourceTree = "<group>";
		};
		6B9EAFF52986C12E0037D178 /* NotificationScreen */ = {
			isa = PBXGroup;
			children = (
				6B9EB000298702BC0037D178 /* Modifiers */,
				6B9EAFF62986C1430037D178 /* NotificationScreen.swift */,
			);
			path = NotificationScreen;
			sourceTree = "<group>";
		};
		6B9EAFF82986CE5F0037D178 /* StartedView */ = {
			isa = PBXGroup;
			children = (
				6B9EAFF92986CE6E0037D178 /* StartedView.swift */,
			);
			path = StartedView;
			sourceTree = "<group>";
		};
		6B9EAFFB2986F1E70037D178 /* ViewModel */ = {
			isa = PBXGroup;
			children = (
				6B9EAFFC2986F1FB0037D178 /* ShopScreenViewModel.swift */,
			);
			path = ViewModel;
			sourceTree = "<group>";
		};
		6B9EB000298702BC0037D178 /* Modifiers */ = {
			isa = PBXGroup;
			children = (
				6B9EB001298702D10037D178 /* Modifiers.swift */,
			);
			path = Modifiers;
			sourceTree = "<group>";
		};
		6B9EB0032987058D0037D178 /* Modifiers */ = {
			isa = PBXGroup;
			children = (
				6B9EB0042987059D0037D178 /* FiltersScreenModifiers.swift */,
			);
			path = Modifiers;
			sourceTree = "<group>";
		};
		6B9EB0062987084F0037D178 /* Modifiers */ = {
			isa = PBXGroup;
			children = (
				6B9EB007298708670037D178 /* ShopScreenModifiers.swift */,
			);
			path = Modifiers;
			sourceTree = "<group>";
		};
		6B9EB00929870E040037D178 /* Modifiers */ = {
			isa = PBXGroup;
			children = (
				6B9EB00A29870E120037D178 /* ProfileScreenModifiers.swift */,
			);
			path = Modifiers;
			sourceTree = "<group>";
		};
		6BEFFAD2297ED656000FBB8A = {
			isa = PBXGroup;
			children = (
				6BEFFADD297ED656000FBB8A /* SULLesson10_12 */,
				6BEFFADC297ED656000FBB8A /* Products */,
			);
			sourceTree = "<group>";
		};
		6BEFFADC297ED656000FBB8A /* Products */ = {
			isa = PBXGroup;
			children = (
				6BEFFADB297ED656000FBB8A /* SULLesson10_12.app */,
			);
			name = Products;
			sourceTree = "<group>";
		};
		6BEFFADD297ED656000FBB8A /* SULLesson10_12 */ = {
			isa = PBXGroup;
			children = (
				6B9EAFF82986CE5F0037D178 /* StartedView */,
				6B9EAFF52986C12E0037D178 /* NotificationScreen */,
				6B9EAFF22986B8CF0037D178 /* Views */,
				6B9EAFEF2986AA0B0037D178 /* FiltersScreen */,
				6B9EAFE729868B3B0037D178 /* ShopScreen */,
				6B9EAFE629867A7B0037D178 /* ProfileScreen */,
				6BEFFAFD29806FCE000FBB8A /* RoundedCorner */,
				6BEFFAFA29804F18000FBB8A /* DescriptionScreen */,
				6BEFFAF729803B40000FBB8A /* VerificationScreen */,
				6BEFFAED297F90A8000FBB8A /* AuthorizationScreen */,
				6BEFFADE297ED656000FBB8A /* SULLesson10_12App.swift */,
				6BEFFAE0297ED656000FBB8A /* ContentView.swift */,
				6BEFFAF0297F9D4B000FBB8A /* Extensions */,
				6BEFFAE2297ED65A000FBB8A /* Assets.xcassets */,
				6BEFFAE4297ED65A000FBB8A /* Preview Content */,
			);
			path = SULLesson10_12;
			sourceTree = "<group>";
		};
		6BEFFAE4297ED65A000FBB8A /* Preview Content */ = {
			isa = PBXGroup;
			children = (
				6BEFFAE5297ED65A000FBB8A /* Preview Assets.xcassets */,
			);
			path = "Preview Content";
			sourceTree = "<group>";
		};
		6BEFFAED297F90A8000FBB8A /* AuthorizationScreen */ = {
			isa = PBXGroup;
			children = (
				6BEFFB062981BAB1000FBB8A /* Modifiers */,
				6BEFFAEE297F9115000FBB8A /* AuthorizationScreen.swift */,
				6B4545672982C59500F0358A /* AuthorizationViewModel.swift */,
			);
			path = AuthorizationScreen;
			sourceTree = "<group>";
		};
		6BEFFAF0297F9D4B000FBB8A /* Extensions */ = {
			isa = PBXGroup;
			children = (
				6BEFFAF1297F9D5B000FBB8A /* String+.swift */,
			);
			path = Extensions;
			sourceTree = "<group>";
		};
		6BEFFAF729803B40000FBB8A /* VerificationScreen */ = {
			isa = PBXGroup;
			children = (
				6BEFFB0F2981BDC7000FBB8A /* Modifiers */,
				6BEFFAF829803B68000FBB8A /* VerificationView.swift */,
				6B4545692982D60E00F0358A /* VerificationScreenViewModel.swift */,
			);
			path = VerificationScreen;
			sourceTree = "<group>";
		};
		6BEFFAFA29804F18000FBB8A /* DescriptionScreen */ = {
			isa = PBXGroup;
			children = (
				6BEFFAFB29804F48000FBB8A /* DescriptionView.swift */,
				6B45456B2982E2D300F0358A /* DescriptionScreenViewModel.swift */,
			);
			path = DescriptionScreen;
			sourceTree = "<group>";
		};
		6BEFFAFD29806FCE000FBB8A /* RoundedCorner */ = {
			isa = PBXGroup;
			children = (
				6BEFFAFE29806FE0000FBB8A /* RoundedCorner.swift */,
			);
			path = RoundedCorner;
			sourceTree = "<group>";
		};
		6BEFFB062981BAB1000FBB8A /* Modifiers */ = {
			isa = PBXGroup;
			children = (
				6BEFFB072981BAE1000FBB8A /* LoginTextfieldModifier.swift */,
				6BEFFB092981BBBC000FBB8A /* PasswordSecureFieldModifier.swift */,
				6BEFFB0B2981BC2C000FBB8A /* CheckVerificationNavLinkModifier.swift */,
				6BEFFB0D2981BC91000FBB8A /* GetStartedButtonViewModifier.swift */,
			);
			path = Modifiers;
			sourceTree = "<group>";
		};
		6BEFFB0F2981BDC7000FBB8A /* Modifiers */ = {
			isa = PBXGroup;
			children = (
				6BEFFB102981BDDE000FBB8A /* EnvelopeImageViewModifier.swift */,
				6BEFFB122981BE3F000FBB8A /* NumberTextFieldViewModifier.swift */,
				6BEFFB142981BF54000FBB8A /* ContinueButtonViewModifier.swift */,
				6BEFFB162981BFC1000FBB8A /* SendMessageButtonViewModifier.swift */,
			);
			path = Modifiers;
			sourceTree = "<group>";
		};
/* End PBXGroup section */

/* Begin PBXNativeTarget section */
		6BEFFADA297ED656000FBB8A /* SULLesson10_12 */ = {
			isa = PBXNativeTarget;
			buildConfigurationList = 6BEFFAE9297ED65A000FBB8A /* Build configuration list for PBXNativeTarget "SULLesson10_12" */;
			buildPhases = (
				6BEFFAD7297ED656000FBB8A /* Sources */,
				6BEFFAD8297ED656000FBB8A /* Frameworks */,
				6BEFFAD9297ED656000FBB8A /* Resources */,
			);
			buildRules = (
			);
			dependencies = (
			);
			name = SULLesson10_12;
			productName = SULLesson10_12;
			productReference = 6BEFFADB297ED656000FBB8A /* SULLesson10_12.app */;
			productType = "com.apple.product-type.application";
		};
/* End PBXNativeTarget section */

/* Begin PBXProject section */
		6BEFFAD3297ED656000FBB8A /* Project object */ = {
			isa = PBXProject;
			attributes = {
				BuildIndependentTargetsInParallel = 1;
				LastSwiftUpdateCheck = 1410;
				LastUpgradeCheck = 1410;
				TargetAttributes = {
					6BEFFADA297ED656000FBB8A = {
						CreatedOnToolsVersion = 14.1;
					};
				};
			};
			buildConfigurationList = 6BEFFAD6297ED656000FBB8A /* Build configuration list for PBXProject "SULLesson10_12" */;
			compatibilityVersion = "Xcode 14.0";
			developmentRegion = en;
			hasScannedForEncodings = 0;
			knownRegions = (
				en,
				Base,
			);
			mainGroup = 6BEFFAD2297ED656000FBB8A;
			productRefGroup = 6BEFFADC297ED656000FBB8A /* Products */;
			projectDirPath = "";
			projectRoot = "";
			targets = (
				6BEFFADA297ED656000FBB8A /* SULLesson10_12 */,
			);
		};
/* End PBXProject section */

/* Begin PBXResourcesBuildPhase section */
		6BEFFAD9297ED656000FBB8A /* Resources */ = {
			isa = PBXResourcesBuildPhase;
			buildActionMask = 2147483647;
			files = (
				6BEFFAE6297ED65A000FBB8A /* Preview Assets.xcassets in Resources */,
				6BEFFAE3297ED65A000FBB8A /* Assets.xcassets in Resources */,
			);
			runOnlyForDeploymentPostprocessing = 0;
		};
/* End PBXResourcesBuildPhase section */

/* Begin PBXSourcesBuildPhase section */
		6BEFFAD7297ED656000FBB8A /* Sources */ = {
			isa = PBXSourcesBuildPhase;
			buildActionMask = 2147483647;
			files = (
				6B9EAFFF2986F8C00037D178 /* FilterScreenViewModel.swift in Sources */,
				6BEFFB0E2981BC91000FBB8A /* GetStartedButtonViewModifier.swift in Sources */,
				6B9EAFE929868B520037D178 /* ShopScreen.swift in Sources */,
				6BEFFB132981BE3F000FBB8A /* NumberTextFieldViewModifier.swift in Sources */,
				6BEFFB082981BAE1000FBB8A /* LoginTextfieldModifier.swift in Sources */,
				6B9EAFE5298678450037D178 /* ProfileScreen.swift in Sources */,
				6BEFFAF929803B68000FBB8A /* VerificationView.swift in Sources */,
				6B4545682982C59500F0358A /* AuthorizationViewModel.swift in Sources */,
				6B9EB0052987059D0037D178 /* FiltersScreenModifiers.swift in Sources */,
				6B9EB002298702D10037D178 /* Modifiers.swift in Sources */,
				6B9EB00B29870E120037D178 /* ProfileScreenModifiers.swift in Sources */,
				6B9EAFEB29868C650037D178 /* FurnitureModel.swift in Sources */,
				6B45456A2982D60E00F0358A /* VerificationScreenViewModel.swift in Sources */,
				6BEFFB152981BF54000FBB8A /* ContinueButtonViewModifier.swift in Sources */,
				6BEFFB0C2981BC2C000FBB8A /* CheckVerificationNavLinkModifier.swift in Sources */,
				6BEFFAE1297ED656000FBB8A /* ContentView.swift in Sources */,
				6B9EB008298708670037D178 /* ShopScreenModifiers.swift in Sources */,
				6B9EAFF12986B0170037D178 /* FiltersScreen.swift in Sources */,
				6B9EAFF72986C1430037D178 /* NotificationScreen.swift in Sources */,
				6B9EAFFA2986CE6E0037D178 /* StartedView.swift in Sources */,
				6B9EAFEE298697120037D178 /* FurnitureAssortment.swift in Sources */,
				6BEFFADF297ED656000FBB8A /* SULLesson10_12App.swift in Sources */,
				6BEFFAFC29804F48000FBB8A /* DescriptionView.swift in Sources */,
				6B9EAFFD2986F1FB0037D178 /* ShopScreenViewModel.swift in Sources */,
				6BEFFAF2297F9D5B000FBB8A /* String+.swift in Sources */,
				6B45456C2982E2D300F0358A /* DescriptionScreenViewModel.swift in Sources */,
				6BEFFB172981BFC1000FBB8A /* SendMessageButtonViewModifier.swift in Sources */,
				6B9EAFF42986B8E50037D178 /* CustomSlider.swift in Sources */,
				6BEFFAEF297F9115000FBB8A /* AuthorizationScreen.swift in Sources */,
				6BEFFB112981BDDE000FBB8A /* EnvelopeImageViewModifier.swift in Sources */,
				6BEFFAFF29806FE0000FBB8A /* RoundedCorner.swift in Sources */,
				6BEFFB0A2981BBBC000FBB8A /* PasswordSecureFieldModifier.swift in Sources */,
			);
			runOnlyForDeploymentPostprocessing = 0;
		};
/* End PBXSourcesBuildPhase section */

/* Begin XCBuildConfiguration section */
		6BEFFAE7297ED65A000FBB8A /* Debug */ = {
			isa = XCBuildConfiguration;
			buildSettings = {
				ALWAYS_SEARCH_USER_PATHS = NO;
				CLANG_ANALYZER_NONNULL = YES;
				CLANG_ANALYZER_NUMBER_OBJECT_CONVERSION = YES_AGGRESSIVE;
				CLANG_CXX_LANGUAGE_STANDARD = "gnu++20";
				CLANG_ENABLE_MODULES = YES;
				CLANG_ENABLE_OBJC_ARC = YES;
				CLANG_ENABLE_OBJC_WEAK = YES;
				CLANG_WARN_BLOCK_CAPTURE_AUTORELEASING = YES;
				CLANG_WARN_BOOL_CONVERSION = YES;
				CLANG_WARN_COMMA = YES;
				CLANG_WARN_CONSTANT_CONVERSION = YES;
				CLANG_WARN_DEPRECATED_OBJC_IMPLEMENTATIONS = YES;
				CLANG_WARN_DIRECT_OBJC_ISA_USAGE = YES_ERROR;
				CLANG_WARN_DOCUMENTATION_COMMENTS = YES;
				CLANG_WARN_EMPTY_BODY = YES;
				CLANG_WARN_ENUM_CONVERSION = YES;
				CLANG_WARN_INFINITE_RECURSION = YES;
				CLANG_WARN_INT_CONVERSION = YES;
				CLANG_WARN_NON_LITERAL_NULL_CONVERSION = YES;
				CLANG_WARN_OBJC_IMPLICIT_RETAIN_SELF = YES;
				CLANG_WARN_OBJC_LITERAL_CONVERSION = YES;
				CLANG_WARN_OBJC_ROOT_CLASS = YES_ERROR;
				CLANG_WARN_QUOTED_INCLUDE_IN_FRAMEWORK_HEADER = YES;
				CLANG_WARN_RANGE_LOOP_ANALYSIS = YES;
				CLANG_WARN_STRICT_PROTOTYPES = YES;
				CLANG_WARN_SUSPICIOUS_MOVE = YES;
				CLANG_WARN_UNGUARDED_AVAILABILITY = YES_AGGRESSIVE;
				CLANG_WARN_UNREACHABLE_CODE = YES;
				CLANG_WARN__DUPLICATE_METHOD_MATCH = YES;
				COPY_PHASE_STRIP = NO;
				DEBUG_INFORMATION_FORMAT = dwarf;
				ENABLE_STRICT_OBJC_MSGSEND = YES;
				ENABLE_TESTABILITY = YES;
				GCC_C_LANGUAGE_STANDARD = gnu11;
				GCC_DYNAMIC_NO_PIC = NO;
				GCC_NO_COMMON_BLOCKS = YES;
				GCC_OPTIMIZATION_LEVEL = 0;
				GCC_PREPROCESSOR_DEFINITIONS = (
					"DEBUG=1",
					"$(inherited)",
				);
				GCC_WARN_64_TO_32_BIT_CONVERSION = YES;
				GCC_WARN_ABOUT_RETURN_TYPE = YES_ERROR;
				GCC_WARN_UNDECLARED_SELECTOR = YES;
				GCC_WARN_UNINITIALIZED_AUTOS = YES_AGGRESSIVE;
				GCC_WARN_UNUSED_FUNCTION = YES;
				GCC_WARN_UNUSED_VARIABLE = YES;
				IPHONEOS_DEPLOYMENT_TARGET = 16.1;
				MTL_ENABLE_DEBUG_INFO = INCLUDE_SOURCE;
				MTL_FAST_MATH = YES;
				ONLY_ACTIVE_ARCH = YES;
				SDKROOT = iphoneos;
				SWIFT_ACTIVE_COMPILATION_CONDITIONS = DEBUG;
				SWIFT_OPTIMIZATION_LEVEL = "-Onone";
			};
			name = Debug;
		};
		6BEFFAE8297ED65A000FBB8A /* Release */ = {
			isa = XCBuildConfiguration;
			buildSettings = {
				ALWAYS_SEARCH_USER_PATHS = NO;
				CLANG_ANALYZER_NONNULL = YES;
				CLANG_ANALYZER_NUMBER_OBJECT_CONVERSION = YES_AGGRESSIVE;
				CLANG_CXX_LANGUAGE_STANDARD = "gnu++20";
				CLANG_ENABLE_MODULES = YES;
				CLANG_ENABLE_OBJC_ARC = YES;
				CLANG_ENABLE_OBJC_WEAK = YES;
				CLANG_WARN_BLOCK_CAPTURE_AUTORELEASING = YES;
				CLANG_WARN_BOOL_CONVERSION = YES;
				CLANG_WARN_COMMA = YES;
				CLANG_WARN_CONSTANT_CONVERSION = YES;
				CLANG_WARN_DEPRECATED_OBJC_IMPLEMENTATIONS = YES;
				CLANG_WARN_DIRECT_OBJC_ISA_USAGE = YES_ERROR;
				CLANG_WARN_DOCUMENTATION_COMMENTS = YES;
				CLANG_WARN_EMPTY_BODY = YES;
				CLANG_WARN_ENUM_CONVERSION = YES;
				CLANG_WARN_INFINITE_RECURSION = YES;
				CLANG_WARN_INT_CONVERSION = YES;
				CLANG_WARN_NON_LITERAL_NULL_CONVERSION = YES;
				CLANG_WARN_OBJC_IMPLICIT_RETAIN_SELF = YES;
				CLANG_WARN_OBJC_LITERAL_CONVERSION = YES;
				CLANG_WARN_OBJC_ROOT_CLASS = YES_ERROR;
				CLANG_WARN_QUOTED_INCLUDE_IN_FRAMEWORK_HEADER = YES;
				CLANG_WARN_RANGE_LOOP_ANALYSIS = YES;
				CLANG_WARN_STRICT_PROTOTYPES = YES;
				CLANG_WARN_SUSPICIOUS_MOVE = YES;
				CLANG_WARN_UNGUARDED_AVAILABILITY = YES_AGGRESSIVE;
				CLANG_WARN_UNREACHABLE_CODE = YES;
				CLANG_WARN__DUPLICATE_METHOD_MATCH = YES;
				COPY_PHASE_STRIP = NO;
				DEBUG_INFORMATION_FORMAT = "dwarf-with-dsym";
				ENABLE_NS_ASSERTIONS = NO;
				ENABLE_STRICT_OBJC_MSGSEND = YES;
				GCC_C_LANGUAGE_STANDARD = gnu11;
				GCC_NO_COMMON_BLOCKS = YES;
				GCC_WARN_64_TO_32_BIT_CONVERSION = YES;
				GCC_WARN_ABOUT_RETURN_TYPE = YES_ERROR;
				GCC_WARN_UNDECLARED_SELECTOR = YES;
				GCC_WARN_UNINITIALIZED_AUTOS = YES_AGGRESSIVE;
				GCC_WARN_UNUSED_FUNCTION = YES;
				GCC_WARN_UNUSED_VARIABLE = YES;
				IPHONEOS_DEPLOYMENT_TARGET = 16.1;
				MTL_ENABLE_DEBUG_INFO = NO;
				MTL_FAST_MATH = YES;
				SDKROOT = iphoneos;
				SWIFT_COMPILATION_MODE = wholemodule;
				SWIFT_OPTIMIZATION_LEVEL = "-O";
				VALIDATE_PRODUCT = YES;
			};
			name = Release;
		};
		6BEFFAEA297ED65A000FBB8A /* Debug */ = {
			isa = XCBuildConfiguration;
			buildSettings = {
				ASSETCATALOG_COMPILER_APPICON_NAME = AppIcon;
				ASSETCATALOG_COMPILER_GLOBAL_ACCENT_COLOR_NAME = AccentColor;
				CODE_SIGN_STYLE = Automatic;
				CURRENT_PROJECT_VERSION = 1;
				DEVELOPMENT_ASSET_PATHS = "\"SULLesson10_12/Preview Content\"";
				DEVELOPMENT_TEAM = RFQV2J5FYV;
				ENABLE_PREVIEWS = YES;
				GENERATE_INFOPLIST_FILE = YES;
				INFOPLIST_KEY_UIApplicationSceneManifest_Generation = YES;
				INFOPLIST_KEY_UIApplicationSupportsIndirectInputEvents = YES;
				INFOPLIST_KEY_UILaunchScreen_Generation = YES;
				INFOPLIST_KEY_UISupportedInterfaceOrientations_iPad = "UIInterfaceOrientationPortrait UIInterfaceOrientationPortraitUpsideDown UIInterfaceOrientationLandscapeLeft UIInterfaceOrientationLandscapeRight";
				INFOPLIST_KEY_UISupportedInterfaceOrientations_iPhone = "UIInterfaceOrientationPortrait UIInterfaceOrientationLandscapeLeft UIInterfaceOrientationLandscapeRight";
				LD_RUNPATH_SEARCH_PATHS = (
					"$(inherited)",
					"@executable_path/Frameworks",
				);
				MARKETING_VERSION = 1.0;
				PRODUCT_BUNDLE_IDENTIFIER = "someacc.SULLesson10-12";
				PRODUCT_NAME = "$(TARGET_NAME)";
				SWIFT_EMIT_LOC_STRINGS = YES;
				SWIFT_VERSION = 5.0;
				TARGETED_DEVICE_FAMILY = "1,2";
			};
			name = Debug;
		};
		6BEFFAEB297ED65A000FBB8A /* Release */ = {
			isa = XCBuildConfiguration;
			buildSettings = {
				ASSETCATALOG_COMPILER_APPICON_NAME = AppIcon;
				ASSETCATALOG_COMPILER_GLOBAL_ACCENT_COLOR_NAME = AccentColor;
				CODE_SIGN_STYLE = Automatic;
				CURRENT_PROJECT_VERSION = 1;
				DEVELOPMENT_ASSET_PATHS = "\"SULLesson10_12/Preview Content\"";
				DEVELOPMENT_TEAM = RFQV2J5FYV;
				ENABLE_PREVIEWS = YES;
				GENERATE_INFOPLIST_FILE = YES;
				INFOPLIST_KEY_UIApplicationSceneManifest_Generation = YES;
				INFOPLIST_KEY_UIApplicationSupportsIndirectInputEvents = YES;
				INFOPLIST_KEY_UILaunchScreen_Generation = YES;
				INFOPLIST_KEY_UISupportedInterfaceOrientations_iPad = "UIInterfaceOrientationPortrait UIInterfaceOrientationPortraitUpsideDown UIInterfaceOrientationLandscapeLeft UIInterfaceOrientationLandscapeRight";
				INFOPLIST_KEY_UISupportedInterfaceOrientations_iPhone = "UIInterfaceOrientationPortrait UIInterfaceOrientationLandscapeLeft UIInterfaceOrientationLandscapeRight";
				LD_RUNPATH_SEARCH_PATHS = (
					"$(inherited)",
					"@executable_path/Frameworks",
				);
				MARKETING_VERSION = 1.0;
				PRODUCT_BUNDLE_IDENTIFIER = "someacc.SULLesson10-12";
				PRODUCT_NAME = "$(TARGET_NAME)";
				SWIFT_EMIT_LOC_STRINGS = YES;
				SWIFT_VERSION = 5.0;
				TARGETED_DEVICE_FAMILY = "1,2";
			};
			name = Release;
		};
/* End XCBuildConfiguration section */

/* Begin XCConfigurationList section */
		6BEFFAD6297ED656000FBB8A /* Build configuration list for PBXProject "SULLesson10_12" */ = {
			isa = XCConfigurationList;
			buildConfigurations = (
				6BEFFAE7297ED65A000FBB8A /* Debug */,
				6BEFFAE8297ED65A000FBB8A /* Release */,
			);
			defaultConfigurationIsVisible = 0;
			defaultConfigurationName = Release;
		};
		6BEFFAE9297ED65A000FBB8A /* Build configuration list for PBXNativeTarget "SULLesson10_12" */ = {
			isa = XCConfigurationList;
			buildConfigurations = (
				6BEFFAEA297ED65A000FBB8A /* Debug */,
				6BEFFAEB297ED65A000FBB8A /* Release */,
			);
			defaultConfigurationIsVisible = 0;
			defaultConfigurationName = Release;
		};
/* End XCConfigurationList section */
	};
	rootObject = 6BEFFAD3297ED656000FBB8A /* Project object */;
}
